
Microsoft Visual Studio Solution File, Format Version 12.00
# Visual Studio Version 17
VisualStudioVersion = 17.10.34928.147
MinimumVisualStudioVersion = 10.0.40219.1
Project("{9A19103F-16F7-4668-BE54-9A1E7A4F7556}") = "ElasticSearch.API", "ElasticSearch.API\ElasticSearch.API.csproj", "{C95E40EE-D3C5-485B-AF33-BC24DF44BE50}"
EndProject
Project("{FAE04EC0-301F-11D3-BF4B-00C04F79EFBC}") = "ElasticSearch.WEB", "ElasticSearch.WEB\ElasticSearch.WEB.csproj", "{DA0FEA02-CC2B-4E97-AD1C-D55AEFA2E9C4}"
EndProject
Global
	GlobalSection(SolutionConfigurationPlatforms) = preSolution
		Debug|Any CPU = Debug|Any CPU
		Release|Any CPU = Release|Any CPU
	EndGlobalSection
	GlobalSection(ProjectConfigurationPlatforms) = postSolution
		{C95E40EE-D3C5-485B-AF33-BC24DF44BE50}.Debug|Any CPU.ActiveCfg = Debug|Any CPU
		{C95E40EE-D3C5-485B-AF33-BC24DF44BE50}.Debug|Any CPU.Build.0 = Debug|Any CPU
		{C95E40EE-D3C5-485B-AF33-BC24DF44BE50}.Release|Any CPU.ActiveCfg = Release|Any CPU
		{C95E40EE-D3C5-485B-AF33-BC24DF44BE50}.Release|Any CPU.Build.0 = Release|Any CPU
		{DA0FEA02-CC2B-4E97-AD1C-D55AEFA2E9C4}.Debug|Any CPU.ActiveCfg = Debug|Any CPU
		{DA0FEA02-CC2B-4E97-AD1C-D55AEFA2E9C4}.Debug|Any CPU.Build.0 = Debug|Any CPU
		{DA0FEA02-CC2B-4E97-AD1C-D55AEFA2E9C4}.Release|Any CPU.ActiveCfg = Release|Any CPU
		{DA0FEA02-CC2B-4E97-AD1C-D55AEFA2E9C4}.Release|Any CPU.Build.0 = Release|Any CPU
	EndGlobalSection
	GlobalSection(SolutionProperties) = preSolution
		HideSolutionNode = FALSE
	EndGlobalSection
	GlobalSection(ExtensibilityGlobals) = postSolution
		SolutionGuid = {A0AC552E-0EC8-4877-8C63-57BF94E0B849}
	EndGlobalSection
EndGlobal
